PODS:
  - Differentiator (5.0.0)
  - lottie-ios (3.3.0)
  - Nimble (9.2.1)
  - Realm (10.23.0):
    - Realm/Headers (= 10.23.0)
  - Realm/Headers (10.23.0)
  - RealmSwift (10.23.0):
    - Realm (= 10.23.0)
  - RxBlocking (6.5.0):
    - RxSwift (= 6.5.0)
  - RxCocoa (6.5.0):
    - RxRelay (= 6.5.0)
    - RxSwift (= 6.5.0)
  - RxDataSources (5.0.0):
    - Differentiator (~> 5.0)
    - RxCocoa (~> 6.0)
    - RxSwift (~> 6.0)
  - RxNimble/Core (5.1.2):
    - Nimble (~> 9.2)
    - RxSwift (~> 6.0)
  - RxNimble/RxBlocking (5.1.2):
    - RxBlocking
    - RxNimble/Core
  - RxNimble/RxTest (5.1.2):
    - RxNimble/Core
    - RxTest
  - RxRelay (6.5.0):
    - RxSwift (= 6.5.0)
  - RxSwift (6.5.0)
  - RxTest (6.5.0):
    - RxSwift (= 6.5.0)
  - SnapKit (5.0.1)
  - SwiftLint (0.46.3)

DEPENDENCIES:
  - lottie-ios
  - RealmSwift (~> 10)
  - RxDataSources (~> 5.0)
  - RxNimble/RxBlocking
  - RxNimble/RxTest
  - RxSwift
  - RxTest
  - SnapKit
  - SwiftLint

SPEC REPOS:
  trunk:
    - Differentiator
    - lottie-ios
    - Nimble
    - Realm
    - RealmSwift
    - RxBlocking
    - RxCocoa
    - RxDataSources
    - RxNimble
    - RxRelay
    - RxSwift
    - RxTest
    - SnapKit
    - SwiftLint

SPEC CHECKSUMS:
  Differentiator: e8497ceab83c1b10ca233716d547b9af21b9344d
  lottie-ios: 6ac74dcc09904798f59b18cb3075c089d76be9ae
  Nimble: e7e615c0335ee4bf5b0d786685451e62746117d5
  Realm: bdac9baede54becb2883f319fc50e9e12b35235c
  RealmSwift: e083456e083dcfd6ef9087cdde6b031ec6224783
  RxBlocking: 04b5fd28bb5ea49f7d64b80db8bbfe50d9cc1c7d
  RxCocoa: 94f817b71c07517321eb4f9ad299112ca8af743b
  RxDataSources: aa47cc1ed6c500fa0dfecac5c979b723542d79cf
  RxNimble: 60c8162b1518306a11d0c272a65ade133b209670
  RxRelay: 1de1523e604c72b6c68feadedd1af3b1b4d0ecbd
  RxSwift: 5710a9e6b17f3c3d6e40d6e559b9fa1e813b2ef8
  RxTest: eb2d23adefc5a5ebf5779c7792fa3edfe6ebcc17
  SnapKit: 97b92857e3df3a0c71833cce143274bf6ef8e5eb
  SwiftLint: ae76d82f056734f853c8cd0371503252c606c482

PODFILE CHECKSUM: d54423690aaf6d8f7464eed697013597b6aa7e72

COCOAPODS: 1.11.2
